dependencies:
- name: mongodb
  repository: https://charts.bitnami.com/bitnami
  version: 13.1.5
- name: minio
  repository: https://charts.bitnami.com/bitnami
  version: 11.10.25
- name: keycloak
  repository: https://codecentric.github.io/helm-charts
  version: 18.4.0
digest: sha256:62fa3386aaaccbe1276beef4a2f050779b240888078f77002f6e572d717eeaa0
generated: "2023-01-14T15:51:22.023101+01:00"
